
Microsoft Visual Studio Solution File, Format Version 12.00
# Visual Studio Version 16
VisualStudioVersion = 16.0.32413.511
MinimumVisualStudioVersion = 10.0.40219.1
Project("{FAE04EC0-301F-11D3-BF4B-00C04F79EFBC}") = "Oppimispäiväkirja_V_3.0", "Oppimispäiväkirja_V_3.0\Oppimispäiväkirja_V_3.0.csproj", "{FCACA760-19D8-4CAA-A17F-BAEFB1715AC9}"
EndProject
Global
	GlobalSection(SolutionConfigurationPlatforms) = preSolution
		Debug|Any CPU = Debug|Any CPU
		Release|Any CPU = Release|Any CPU
	EndGlobalSection
	GlobalSection(ProjectConfigurationPlatforms) = postSolution
		{FCACA760-19D8-4CAA-A17F-BAEFB1715AC9}.Debug|Any CPU.ActiveCfg = Debug|Any CPU
		{FCACA760-19D8-4CAA-A17F-BAEFB1715AC9}.Debug|Any CPU.Build.0 = Debug|Any CPU
		{FCACA760-19D8-4CAA-A17F-BAEFB1715AC9}.Release|Any CPU.ActiveCfg = Release|Any CPU
		{FCACA760-19D8-4CAA-A17F-BAEFB1715AC9}.Release|Any CPU.Build.0 = Release|Any CPU
	EndGlobalSection
	GlobalSection(SolutionProperties) = preSolution
		HideSolutionNode = FALSE
	EndGlobalSection
	GlobalSection(ExtensibilityGlobals) = postSolution
		SolutionGuid = {0397960C-F684-40ED-988C-C4835A79BB8B}
	EndGlobalSection
EndGlobal
